
Microsoft Visual Studio Solution File, Format Version 12.00
# Visual Studio Version 17
VisualStudioVersion = 17.1.32210.238
MinimumVisualStudioVersion = 10.0.40219.1
Project("{FAE04EC0-301F-11D3-BF4B-00C04F79EFBC}") = "Журнал V Dip", "Журнал V Dip.csproj", "{BE4B1C73-A33E-4803-9B34-05AE0BAFFCBC}"
EndProject
Global
	GlobalSection(SolutionConfigurationPlatforms) = preSolution
		Debug|Any CPU = Debug|Any CPU
		Release|Any CPU = Release|Any CPU
	EndGlobalSection
	GlobalSection(ProjectConfigurationPlatforms) = postSolution
		{BE4B1C73-A33E-4803-9B34-05AE0BAFFCBC}.Debug|Any CPU.ActiveCfg = Debug|Any CPU
		{BE4B1C73-A33E-4803-9B34-05AE0BAFFCBC}.Debug|Any CPU.Build.0 = Debug|Any CPU
		{BE4B1C73-A33E-4803-9B34-05AE0BAFFCBC}.Release|Any CPU.ActiveCfg = Release|Any CPU
		{BE4B1C73-A33E-4803-9B34-05AE0BAFFCBC}.Release|Any CPU.Build.0 = Release|Any CPU
	EndGlobalSection
	GlobalSection(SolutionProperties) = preSolution
		HideSolutionNode = FALSE
	EndGlobalSection
	GlobalSection(ExtensibilityGlobals) = postSolution
		SolutionGuid = {F114B9C7-F07E-40EF-B4C5-2D0BB8780657}
	EndGlobalSection
EndGlobal
